// !$*UTF8*$!
{
	archiveVersion = 1;
	classes = {
	};
	objectVersion = 46;
	objects = {

/* Begin PBXBuildFile section */
		27AB81191C9123A60010BB44 /* NewFeatureViewController.m in Sources */ = {isa = PBXBuildFile; fileRef = 27AB81181C9123A60010BB44 /* NewFeatureViewController.m */; };
		27C429281C8FB638002A4DC5 /* main.m in Sources */ = {isa = PBXBuildFile; fileRef = 27C429271C8FB638002A4DC5 /* main.m */; };
		27C4292B1C8FB638002A4DC5 /* AppDelegate.m in Sources */ = {isa = PBXBuildFile; fileRef = 27C4292A1C8FB638002A4DC5 /* AppDelegate.m */; };
		27C4292E1C8FB638002A4DC5 /* ViewController.m in Sources */ = {isa = PBXBuildFile; fileRef = 27C4292D1C8FB638002A4DC5 /* ViewController.m */; };
		27C429311C8FB638002A4DC5 /* Main.storyboard in Resources */ = {isa = PBXBuildFile; fileRef = 27C4292F1C8FB638002A4DC5 /* Main.storyboard */; };
		27C429331C8FB638002A4DC5 /* Assets.xcassets in Resources */ = {isa = PBXBuildFile; fileRef = 27C429321C8FB638002A4DC5 /* Assets.xcassets */; };
		27C429361C8FB638002A4DC5 /* LaunchScreen.storyboard in Resources */ = {isa = PBXBuildFile; fileRef = 27C429341C8FB638002A4DC5 /* LaunchScreen.storyboard */; };
		27C4293F1C8FB98D002A4DC5 /* MyTabBarViewController.m in Sources */ = {isa = PBXBuildFile; fileRef = 27C4293E1C8FB98D002A4DC5 /* MyTabBarViewController.m */; };
		27C429421C8FBAB0002A4DC5 /* DiscoverViewController.m in Sources */ = {isa = PBXBuildFile; fileRef = 27C429411C8FBAB0002A4DC5 /* DiscoverViewController.m */; };
		27C429451C8FBABF002A4DC5 /* ProfileViewController.m in Sources */ = {isa = PBXBuildFile; fileRef = 27C429441C8FBABF002A4DC5 /* ProfileViewController.m */; };
		27C429481C8FBB32002A4DC5 /* HomeViewController.m in Sources */ = {isa = PBXBuildFile; fileRef = 27C429471C8FBB32002A4DC5 /* HomeViewController.m */; };
		27C4294B1C8FBB44002A4DC5 /* MessageViewController.m in Sources */ = {isa = PBXBuildFile; fileRef = 27C4294A1C8FBB44002A4DC5 /* MessageViewController.m */; };
		27C429581C8FFA77002A4DC5 /* MyTabBar.m in Sources */ = {isa = PBXBuildFile; fileRef = 27C429571C8FFA77002A4DC5 /* MyTabBar.m */; };
		27C4295B1C8FFE4D002A4DC5 /* UIView+Extension.m in Sources */ = {isa = PBXBuildFile; fileRef = 27C4295A1C8FFE4D002A4DC5 /* UIView+Extension.m */; };
/* End PBXBuildFile section */

/* Begin PBXFileReference section */
		27AB81171C9123A60010BB44 /* NewFeatureViewController.h */ = {isa = PBXFileReference; fileEncoding = 4; lastKnownFileType = sourcecode.c.h; path = NewFeatureViewController.h; sourceTree = "<group>"; };
		27AB81181C9123A60010BB44 /* NewFeatureViewController.m */ = {isa = PBXFileReference; fileEncoding = 4; lastKnownFileType = sourcecode.c.objc; path = NewFeatureViewController.m; sourceTree = "<group>"; };
		27C429231C8FB638002A4DC5 /* MyWeico.app */ = {isa = PBXFileReference; explicitFileType = wrapper.application; includeInIndex = 0; path = MyWeico.app; sourceTree = BUILT_PRODUCTS_DIR; };
		27C429271C8FB638002A4DC5 /* main.m */ = {isa = PBXFileReference; lastKnownFileType = sourcecode.c.objc; path = main.m; sourceTree = "<group>"; };
		27C429291C8FB638002A4DC5 /* AppDelegate.h */ = {isa = PBXFileReference; lastKnownFileType = sourcecode.c.h; path = AppDelegate.h; sourceTree = "<group>"; };
		27C4292A1C8FB638002A4DC5 /* AppDelegate.m */ = {isa = PBXFileReference; lastKnownFileType = sourcecode.c.objc; path = AppDelegate.m; sourceTree = "<group>"; };
		27C4292C1C8FB638002A4DC5 /* ViewController.h */ = {isa = PBXFileReference; lastKnownFileType = sourcecode.c.h; path = ViewController.h; sourceTree = "<group>"; };
		27C4292D1C8FB638002A4DC5 /* ViewController.m */ = {isa = PBXFileReference; lastKnownFileType = sourcecode.c.objc; path = ViewController.m; sourceTree = "<group>"; };
		27C429301C8FB638002A4DC5 /* Base */ = {isa = PBXFileReference; lastKnownFileType = file.storyboard; name = Base; path = Base.lproj/Main.storyboard; sourceTree = "<group>"; };
		27C429321C8FB638002A4DC5 /* Assets.xcassets */ = {isa = PBXFileReference; lastKnownFileType = folder.assetcatalog; path = Assets.xcassets; sourceTree = "<group>"; };
		27C429351C8FB638002A4DC5 /* Base */ = {isa = PBXFileReference; lastKnownFileType = file.storyboard; name = Base; path = Base.lproj/LaunchScreen.storyboard; sourceTree = "<group>"; };
		27C429371C8FB638002A4DC5 /* Info.plist */ = {isa = PBXFileReference; lastKnownFileType = text.plist.xml; path = Info.plist; sourceTree = "<group>"; };
		27C4293D1C8FB98D002A4DC5 /* MyTabBarViewController.h */ = {isa = PBXFileReference; fileEncoding = 4; lastKnownFileType = sourcecode.c.h; path = MyTabBarViewController.h; sourceTree = "<group>"; };
		27C4293E1C8FB98D002A4DC5 /* MyTabBarViewController.m */ = {isa = PBXFileReference; fileEncoding = 4; lastKnownFileType = sourcecode.c.objc; path = MyTabBarViewController.m; sourceTree = "<group>"; };
		27C429401C8FBAB0002A4DC5 /* DiscoverViewController.h */ = {isa = PBXFileReference; fileEncoding = 4; lastKnownFileType = sourcecode.c.h; path = DiscoverViewController.h; sourceTree = "<group>"; };
		27C429411C8FBAB0002A4DC5 /* DiscoverViewController.m */ = {isa = PBXFileReference; fileEncoding = 4; lastKnownFileType = sourcecode.c.objc; path = DiscoverViewController.m; sourceTree = "<group>"; };
		27C429431C8FBABF002A4DC5 /* ProfileViewController.h */ = {isa = PBXFileReference; fileEncoding = 4; lastKnownFileType = sourcecode.c.h; path = ProfileViewController.h; sourceTree = "<group>"; };
		27C429441C8FBABF002A4DC5 /* ProfileViewController.m */ = {isa = PBXFileReference; fileEncoding = 4; lastKnownFileType = sourcecode.c.objc; path = ProfileViewController.m; sourceTree = "<group>"; };
		27C429461C8FBB32002A4DC5 /* HomeViewController.h */ = {isa = PBXFileReference; fileEncoding = 4; lastKnownFileType = sourcecode.c.h; path = HomeViewController.h; sourceTree = "<group>"; };
		27C429471C8FBB32002A4DC5 /* HomeViewController.m */ = {isa = PBXFileReference; fileEncoding = 4; lastKnownFileType = sourcecode.c.objc; path = HomeViewController.m; sourceTree = "<group>"; };
		27C429491C8FBB44002A4DC5 /* MessageViewController.h */ = {isa = PBXFileReference; fileEncoding = 4; lastKnownFileType = sourcecode.c.h; path = MessageViewController.h; sourceTree = "<group>"; };
		27C4294A1C8FBB44002A4DC5 /* MessageViewController.m */ = {isa = PBXFileReference; fileEncoding = 4; lastKnownFileType = sourcecode.c.objc; path = MessageViewController.m; sourceTree = "<group>"; };
		27C429561C8FFA77002A4DC5 /* MyTabBar.h */ = {isa = PBXFileReference; fileEncoding = 4; lastKnownFileType = sourcecode.c.h; path = MyTabBar.h; sourceTree = "<group>"; };
		27C429571C8FFA77002A4DC5 /* MyTabBar.m */ = {isa = PBXFileReference; fileEncoding = 4; lastKnownFileType = sourcecode.c.objc; path = MyTabBar.m; sourceTree = "<group>"; };
		27C429591C8FFE4D002A4DC5 /* UIView+Extension.h */ = {isa = PBXFileReference; fileEncoding = 4; lastKnownFileType = sourcecode.c.h; name = "UIView+Extension.h"; path = "../../MyWeibo/MyWeibo/Class/Main(主要)/Category/UIView+Extension.h"; sourceTree = "<group>"; };
		27C4295A1C8FFE4D002A4DC5 /* UIView+Extension.m */ = {isa = PBXFileReference; fileEncoding = 4; lastKnownFileType = sourcecode.c.objc; name = "UIView+Extension.m"; path = "../../MyWeibo/MyWeibo/Class/Main(主要)/Category/UIView+Extension.m"; sourceTree = "<group>"; };
/* End PBXFileReference section */

/* Begin PBXFrameworksBuildPhase section */
		27C429201C8FB638002A4DC5 /* Frameworks */ = {
			isa = PBXFrameworksBuildPhase;
			buildActionMask = 2147483647;
			files = (
			);
			runOnlyForDeploymentPostprocessing = 0;
		};
/* End PBXFrameworksBuildPhase section */

/* Begin PBXGroup section */
		27C4291A1C8FB638002A4DC5 = {
			isa = PBXGroup;
			children = (
				27C429251C8FB638002A4DC5 /* MyWeico */,
				27C429241C8FB638002A4DC5 /* Products */,
			);
			sourceTree = "<group>";
		};
		27C429241C8FB638002A4DC5 /* Products */ = {
			isa = PBXGroup;
			children = (
				27C429231C8FB638002A4DC5 /* MyWeico.app */,
			);
			name = Products;
			sourceTree = "<group>";
		};
		27C429251C8FB638002A4DC5 /* MyWeico */ = {
			isa = PBXGroup;
			children = (
				27C429591C8FFE4D002A4DC5 /* UIView+Extension.h */,
				27C4295A1C8FFE4D002A4DC5 /* UIView+Extension.m */,
				27C429291C8FB638002A4DC5 /* AppDelegate.h */,
				27C4292A1C8FB638002A4DC5 /* AppDelegate.m */,
				27C4292C1C8FB638002A4DC5 /* ViewController.h */,
				27C4292D1C8FB638002A4DC5 /* ViewController.m */,
				27C4292F1C8FB638002A4DC5 /* Main.storyboard */,
				27C429321C8FB638002A4DC5 /* Assets.xcassets */,
				27C429341C8FB638002A4DC5 /* LaunchScreen.storyboard */,
				27C429371C8FB638002A4DC5 /* Info.plist */,
				27C429261C8FB638002A4DC5 /* Supporting Files */,
				27C4293D1C8FB98D002A4DC5 /* MyTabBarViewController.h */,
				27C4293E1C8FB98D002A4DC5 /* MyTabBarViewController.m */,
				27C429401C8FBAB0002A4DC5 /* DiscoverViewController.h */,
				27C429411C8FBAB0002A4DC5 /* DiscoverViewController.m */,
				27C429431C8FBABF002A4DC5 /* ProfileViewController.h */,
				27C429441C8FBABF002A4DC5 /* ProfileViewController.m */,
				27C429461C8FBB32002A4DC5 /* HomeViewController.h */,
				27C429471C8FBB32002A4DC5 /* HomeViewController.m */,
				27C429491C8FBB44002A4DC5 /* MessageViewController.h */,
				27C4294A1C8FBB44002A4DC5 /* MessageViewController.m */,
				27C429561C8FFA77002A4DC5 /* MyTabBar.h */,
				27C429571C8FFA77002A4DC5 /* MyTabBar.m */,
				27AB81171C9123A60010BB44 /* NewFeatureViewController.h */,
				27AB81181C9123A60010BB44 /* NewFeatureViewController.m */,
			);
			path = MyWeico;
			sourceTree = "<group>";
		};
		27C429261C8FB638002A4DC5 /* Supporting Files */ = {
			isa = PBXGroup;
			children = (
				27C429271C8FB638002A4DC5 /* main.m */,
			);
			name = "Supporting Files";
			sourceTree = "<group>";
		};
/* End PBXGroup section */

/* Begin PBXNativeTarget section */
		27C429221C8FB638002A4DC5 /* MyWeico */ = {
			isa = PBXNativeTarget;
			buildConfigurationList = 27C4293A1C8FB638002A4DC5 /* Build configuration list for PBXNativeTarget "MyWeico" */;
			buildPhases = (
				27C4291F1C8FB638002A4DC5 /* Sources */,
				27C429201C8FB638002A4DC5 /* Frameworks */,
				27C429211C8FB638002A4DC5 /* Resources */,
			);
			buildRules = (
			);
			dependencies = (
			);
			name = MyWeico;
			productName = MyWeico;
			productReference = 27C429231C8FB638002A4DC5 /* MyWeico.app */;
			productType = "com.apple.product-type.application";
		};
/* End PBXNativeTarget section */

/* Begin PBXProject section */
		27C4291B1C8FB638002A4DC5 /* Project object */ = {
			isa = PBXProject;
			attributes = {
				LastUpgradeCheck = 0720;
				ORGANIZATIONNAME = kongfanyi;
				TargetAttributes = {
					27C429221C8FB638002A4DC5 = {
						CreatedOnToolsVersion = 7.2;
					};
				};
			};
			buildConfigurationList = 27C4291E1C8FB638002A4DC5 /* Build configuration list for PBXProject "MyWeico" */;
			compatibilityVersion = "Xcode 3.2";
			developmentRegion = English;
			hasScannedForEncodings = 0;
			knownRegions = (
				en,
				Base,
			);
			mainGroup = 27C4291A1C8FB638002A4DC5;
			productRefGroup = 27C429241C8FB638002A4DC5 /* Products */;
			projectDirPath = "";
			projectRoot = "";
			targets = (
				27C429221C8FB638002A4DC5 /* MyWeico */,
			);
		};
/* End PBXProject section */

/* Begin PBXResourcesBuildPhase section */
		27C429211C8FB638002A4DC5 /* Resources */ = {
			isa = PBXResourcesBuildPhase;
			buildActionMask = 2147483647;
			files = (
				27C429361C8FB638002A4DC5 /* LaunchScreen.storyboard in Resources */,
				27C429331C8FB638002A4DC5 /* Assets.xcassets in Resources */,
				27C429311C8FB638002A4DC5 /* Main.storyboard in Resources */,
			);
			runOnlyForDeploymentPostprocessing = 0;
		};
/* End PBXResourcesBuildPhase section */

/* Begin PBXSourcesBuildPhase section */
		27C4291F1C8FB638002A4DC5 /* Sources */ = {
			isa = PBXSourcesBuildPhase;
			buildActionMask = 2147483647;
			files = (
				27C4295B1C8FFE4D002A4DC5 /* UIView+Extension.m in Sources */,
				27C429421C8FBAB0002A4DC5 /* DiscoverViewController.m in Sources */,
				27C4293F1C8FB98D002A4DC5 /* MyTabBarViewController.m in Sources */,
				27C4292E1C8FB638002A4DC5 /* ViewController.m in Sources */,
				27C4292B1C8FB638002A4DC5 /* AppDelegate.m in Sources */,
				27C429451C8FBABF002A4DC5 /* ProfileViewController.m in Sources */,
				27C429481C8FBB32002A4DC5 /* HomeViewController.m in Sources */,
				27C4294B1C8FBB44002A4DC5 /* MessageViewController.m in Sources */,
				27C429581C8FFA77002A4DC5 /* MyTabBar.m in Sources */,
				27C429281C8FB638002A4DC5 /* main.m in Sources */,
				27AB81191C9123A60010BB44 /* NewFeatureViewController.m in Sources */,
			);
			runOnlyForDeploymentPostprocessing = 0;
		};
/* End PBXSourcesBuildPhase section */

/* Begin PBXVariantGroup section */
		27C4292F1C8FB638002A4DC5 /* Main.storyboard */ = {
			isa = PBXVariantGroup;
			children = (
				27C429301C8FB638002A4DC5 /* Base */,
			);
			name = Main.storyboard;
			sourceTree = "<group>";
		};
		27C429341C8FB638002A4DC5 /* LaunchScreen.storyboard */ = {
			isa = PBXVariantGroup;
			children = (
				27C429351C8FB638002A4DC5 /* Base */,
			);
			name = LaunchScreen.storyboard;
			sourceTree = "<group>";
		};
/* End PBXVariantGroup section */

/* Begin XCBuildConfiguration section */
		27C429381C8FB638002A4DC5 /* Debug */ = {
			isa = XCBuildConfiguration;
			buildSettings = {
				ALWAYS_SEARCH_USER_PATHS = NO;
				CLANG_CXX_LANGUAGE_STANDARD = "gnu++0x";
				CLANG_CXX_LIBRARY = "libc++";
				CLANG_ENABLE_MODULES = YES;
				CLANG_ENABLE_OBJC_ARC = YES;
				CLANG_WARN_BOOL_CONVERSION = YES;
				CLANG_WARN_CONSTANT_CONVERSION = YES;
				CLANG_WARN_DIRECT_OBJC_ISA_USAGE = YES_ERROR;
				CLANG_WARN_EMPTY_BODY = YES;
				CLANG_WARN_ENUM_CONVERSION = YES;
				CLANG_WARN_INT_CONVERSION = YES;
				CLANG_WARN_OBJC_ROOT_CLASS = YES_ERROR;
				CLANG_WARN_UNREACHABLE_CODE = YES;
				CLANG_WARN__DUPLICATE_METHOD_MATCH = YES;
				"CODE_SIGN_IDENTITY[sdk=iphoneos*]" = "iPhone Developer";
				COPY_PHASE_STRIP = NO;
				DEBUG_INFORMATION_FORMAT = dwarf;
				ENABLE_STRICT_OBJC_MSGSEND = YES;
				ENABLE_TESTABILITY = YES;
				GCC_C_LANGUAGE_STANDARD = gnu99;
				GCC_DYNAMIC_NO_PIC = NO;
				GCC_NO_COMMON_BLOCKS = YES;
				GCC_OPTIMIZATION_LEVEL = 0;
				GCC_PREPROCESSOR_DEFINITIONS = (
					"DEBUG=1",
					"$(inherited)",
				);
				GCC_WARN_64_TO_32_BIT_CONVERSION = YES;
				GCC_WARN_ABOUT_RETURN_TYPE = YES_ERROR;
				GCC_WARN_UNDECLARED_SELECTOR = YES;
				GCC_WARN_UNINITIALIZED_AUTOS = YES_AGGRESSIVE;
				GCC_WARN_UNUSED_FUNCTION = YES;
				GCC_WARN_UNUSED_VARIABLE = YES;
				IPHONEOS_DEPLOYMENT_TARGET = 9.2;
				MTL_ENABLE_DEBUG_INFO = YES;
				ONLY_ACTIVE_ARCH = YES;
				SDKROOT = iphoneos;
				TARGETED_DEVICE_FAMILY = "1,2";
			};
			name = Debug;
		};
		27C429391C8FB638002A4DC5 /* Release */ = {
			isa = XCBuildConfiguration;
			buildSettings = {
				ALWAYS_SEARCH_USER_PATHS = NO;
				CLANG_CXX_LANGUAGE_STANDARD = "gnu++0x";
				CLANG_CXX_LIBRARY = "libc++";
				CLANG_ENABLE_MODULES = YES;
				CLANG_ENABLE_OBJC_ARC = YES;
				CLANG_WARN_BOOL_CONVERSION = YES;
				CLANG_WARN_CONSTANT_CONVERSION = YES;
				CLANG_WARN_DIRECT_OBJC_ISA_USAGE = YES_ERROR;
				CLANG_WARN_EMPTY_BODY = YES;
				CLANG_WARN_ENUM_CONVERSION = YES;
				CLANG_WARN_INT_CONVERSION = YES;
				CLANG_WARN_OBJC_ROOT_CLASS = YES_ERROR;
				CLANG_WARN_UNREACHABLE_CODE = YES;
				CLANG_WARN__DUPLICATE_METHOD_MATCH = YES;
				"CODE_SIGN_IDENTITY[sdk=iphoneos*]" = "iPhone Developer";
				COPY_PHASE_STRIP = NO;
				DEBUG_INFORMATION_FORMAT = "dwarf-with-dsym";
				ENABLE_NS_ASSERTIONS = NO;
				ENABLE_STRICT_OBJC_MSGSEND = YES;
				GCC_C_LANGUAGE_STANDARD = gnu99;
				GCC_NO_COMMON_BLOCKS = YES;
				GCC_WARN_64_TO_32_BIT_CONVERSION = YES;
				GCC_WARN_ABOUT_RETURN_TYPE = YES_ERROR;
				GCC_WARN_UNDECLARED_SELECTOR = YES;
				GCC_WARN_UNINITIALIZED_AUTOS = YES_AGGRESSIVE;
				GCC_WARN_UNUSED_FUNCTION = YES;
				GCC_WARN_UNUSED_VARIABLE = YES;
				IPHONEOS_DEPLOYMENT_TARGET = 9.2;
				MTL_ENABLE_DEBUG_INFO = NO;
				SDKROOT = iphoneos;
				TARGETED_DEVICE_FAMILY = "1,2";
				VALIDATE_PRODUCT = YES;
			};
			name = Release;
		};
		27C4293B1C8FB638002A4DC5 /* Debug */ = {
			isa = XCBuildConfiguration;
			buildSettings = {
				ASSETCATALOG_COMPILER_APPICON_NAME = AppIcon;
				INFOPLIST_FILE = MyWeico/Info.plist;
				IPHONEOS_DEPLOYMENT_TARGET = 7.1;
				LD_RUNPATH_SEARCH_PATHS = "$(inherited) @executable_path/Frameworks";
				PRODUCT_BUNDLE_IDENTIFIER = com.xuanwu.myweico.MyWeico;
				PRODUCT_NAME = "$(TARGET_NAME)";
			};
			name = Debug;
		};
		27C4293C1C8FB638002A4DC5 /* Release */ = {
			isa = XCBuildConfiguration;
			buildSettings = {
				ASSETCATALOG_COMPILER_APPICON_NAME = AppIcon;
				INFOPLIST_FILE = MyWeico/Info.plist;
				IPHONEOS_DEPLOYMENT_TARGET = 7.1;
				LD_RUNPATH_SEARCH_PATHS = "$(inherited) @executable_path/Frameworks";
				PRODUCT_BUNDLE_IDENTIFIER = com.xuanwu.myweico.MyWeico;
				PRODUCT_NAME = "$(TARGET_NAME)";
			};
			name = Release;
		};
/* End XCBuildConfiguration section */

/* Begin XCConfigurationList section */
		27C4291E1C8FB638002A4DC5 /* Build configuration list for PBXProject "MyWeico" */ = {
			isa = XCConfigurationList;
			buildConfigurations = (
				27C429381C8FB638002A4DC5 /* Debug */,
				27C429391C8FB638002A4DC5 /* Release */,
			);
			defaultConfigurationIsVisible = 0;
			defaultConfigurationName = Release;
		};
		27C4293A1C8FB638002A4DC5 /* Build configuration list for PBXNativeTarget "MyWeico" */ = {
			isa = XCConfigurationList;
			buildConfigurations = (
				27C4293B1C8FB638002A4DC5 /* Debug */,
				27C4293C1C8FB638002A4DC5 /* Release */,
			);
			defaultConfigurationIsVisible = 0;
			defaultConfigurationName = Release;
		};
/* End XCConfigurationList section */
	};
	rootObject = 27C4291B1C8FB638002A4DC5 /* Project object */;
}
